
Microsoft Visual Studio Solution File, Format Version 12.00
# Visual Studio 14
VisualStudioVersion = 14.0.25420.1
MinimumVisualStudioVersion = 10.0.40219.1
Project("{FAE04EC0-301F-11D3-BF4B-00C04F79EFBC}") = "Sendpulse-rest-api", "Sendpulse-rest-api\Sendpulse-rest-api.csproj", "{54580CBC-9888-483D-B6F1-AE13D4EC6AAB}"
EndProject
Global
	GlobalSection(SolutionConfigurationPlatforms) = preSolution
		Debug|Any CPU = Debug|Any CPU
		Release|Any CPU = Release|Any CPU
	EndGlobalSection
	GlobalSection(ProjectConfigurationPlatforms) = postSolution
		{54580CBC-9888-483D-B6F1-AE13D4EC6AAB}.Debug|Any CPU.ActiveCfg = Debug|Any CPU
		{54580CBC-9888-483D-B6F1-AE13D4EC6AAB}.Debug|Any CPU.Build.0 = Debug|Any CPU
		{54580CBC-9888-483D-B6F1-AE13D4EC6AAB}.Release|Any CPU.ActiveCfg = Release|Any CPU
		{54580CBC-9888-483D-B6F1-AE13D4EC6AAB}.Release|Any CPU.Build.0 = Release|Any CPU
	EndGlobalSection
	GlobalSection(SolutionProperties) = preSolution
		HideSolutionNode = FALSE
	EndGlobalSection
EndGlobal
